
Microsoft Visual Studio Solution File, Format Version 12.00
# Visual Studio Version 17
VisualStudioVersion = 17.5.33414.496
MinimumVisualStudioVersion = 10.0.40219.1
Project("{FAE04EC0-301F-11D3-BF4B-00C04F79EFBC}") = "ConsoleApp1", "ConsoleApp1\ConsoleApp1.csproj", "{7D3F7673-498F-4212-B5D5-9E5AB2D1E2E2}"
EndProject
Global
	GlobalSection(SolutionConfigurationPlatforms) = preSolution
		Debug|Any CPU = Debug|Any CPU
		Release|Any CPU = Release|Any CPU
	EndGlobalSection
	GlobalSection(ProjectConfigurationPlatforms) = postSolution
		{7D3F7673-498F-4212-B5D5-9E5AB2D1E2E2}.Debug|Any CPU.ActiveCfg = Debug|Any CPU
		{7D3F7673-498F-4212-B5D5-9E5AB2D1E2E2}.Debug|Any CPU.Build.0 = Debug|Any CPU
		{7D3F7673-498F-4212-B5D5-9E5AB2D1E2E2}.Release|Any CPU.ActiveCfg = Release|Any CPU
		{7D3F7673-498F-4212-B5D5-9E5AB2D1E2E2}.Release|Any CPU.Build.0 = Release|Any CPU
	EndGlobalSection
	GlobalSection(SolutionProperties) = preSolution
		HideSolutionNode = FALSE
	EndGlobalSection
	GlobalSection(ExtensibilityGlobals) = postSolution
		SolutionGuid = {7D651D20-C9C9-49D0-939E-A1463407A50F}
	EndGlobalSection
EndGlobal
